// !$*UTF8*$!
{
	archiveVersion = 1;
	classes = {
	};
	objectVersion = 55;
	objects = {

/* Begin PBXBuildFile section */
		654308F528E2C46E00966FD0 /* AppDelegate.swift in Sources */ = {isa = PBXBuildFile; fileRef = 654308F428E2C46E00966FD0 /* AppDelegate.swift */; };
		654308F728E2C46E00966FD0 /* SceneDelegate.swift in Sources */ = {isa = PBXBuildFile; fileRef = 654308F628E2C46E00966FD0 /* SceneDelegate.swift */; };
		654308F928E2C46E00966FD0 /* ViewController.swift in Sources */ = {isa = PBXBuildFile; fileRef = 654308F828E2C46E00966FD0 /* ViewController.swift */; };
		654308FE28E2C46F00966FD0 /* Assets.xcassets in Resources */ = {isa = PBXBuildFile; fileRef = 654308FD28E2C46F00966FD0 /* Assets.xcassets */; };
		6543090128E2C46F00966FD0 /* LaunchScreen.storyboard in Resources */ = {isa = PBXBuildFile; fileRef = 654308FF28E2C46F00966FD0 /* LaunchScreen.storyboard */; };
		6543090928E2C4FC00966FD0 /* Styles.swift in Sources */ = {isa = PBXBuildFile; fileRef = 6543090828E2C4FC00966FD0 /* Styles.swift */; };
		6543091528E2E70100966FD0 /* NewsTableViewCell.swift in Sources */ = {isa = PBXBuildFile; fileRef = 6543091428E2E70100966FD0 /* NewsTableViewCell.swift */; };
		65865CCB28E4F3FC000DA7A9 /* DataManager.swift in Sources */ = {isa = PBXBuildFile; fileRef = 65865CCA28E4F3FC000DA7A9 /* DataManager.swift */; };
		65865CD328E5E8A2000DA7A9 /* LoadNewsAPI.swift in Sources */ = {isa = PBXBuildFile; fileRef = 65865CD228E5E8A1000DA7A9 /* LoadNewsAPI.swift */; };
/* End PBXBuildFile section */

/* Begin PBXFileReference section */
		654308F128E2C46E00966FD0 /* news_search.app */ = {isa = PBXFileReference; explicitFileType = wrapper.application; includeInIndex = 0; path = news_search.app; sourceTree = BUILT_PRODUCTS_DIR; };
		654308F428E2C46E00966FD0 /* AppDelegate.swift */ = {isa = PBXFileReference; lastKnownFileType = sourcecode.swift; path = AppDelegate.swift; sourceTree = "<group>"; };
		654308F628E2C46E00966FD0 /* SceneDelegate.swift */ = {isa = PBXFileReference; lastKnownFileType = sourcecode.swift; path = SceneDelegate.swift; sourceTree = "<group>"; };
		654308F828E2C46E00966FD0 /* ViewController.swift */ = {isa = PBXFileReference; lastKnownFileType = sourcecode.swift; path = ViewController.swift; sourceTree = "<group>"; };
		654308FD28E2C46F00966FD0 /* Assets.xcassets */ = {isa = PBXFileReference; lastKnownFileType = folder.assetcatalog; path = Assets.xcassets; sourceTree = "<group>"; };
		6543090028E2C46F00966FD0 /* Base */ = {isa = PBXFileReference; lastKnownFileType = file.storyboard; name = Base; path = Base.lproj/LaunchScreen.storyboard; sourceTree = "<group>"; };
		6543090228E2C46F00966FD0 /* Info.plist */ = {isa = PBXFileReference; lastKnownFileType = text.plist.xml; path = Info.plist; sourceTree = "<group>"; };
		6543090828E2C4FC00966FD0 /* Styles.swift */ = {isa = PBXFileReference; lastKnownFileType = sourcecode.swift; path = Styles.swift; sourceTree = "<group>"; };
		6543091428E2E70100966FD0 /* NewsTableViewCell.swift */ = {isa = PBXFileReference; lastKnownFileType = sourcecode.swift; path = NewsTableViewCell.swift; sourceTree = "<group>"; };
		65865CCA28E4F3FC000DA7A9 /* DataManager.swift */ = {isa = PBXFileReference; lastKnownFileType = sourcecode.swift; path = DataManager.swift; sourceTree = "<group>"; };
		65865CD228E5E8A1000DA7A9 /* LoadNewsAPI.swift */ = {isa = PBXFileReference; lastKnownFileType = sourcecode.swift; path = LoadNewsAPI.swift; sourceTree = "<group>"; };
/* End PBXFileReference section */

/* Begin PBXFrameworksBuildPhase section */
		654308EE28E2C46E00966FD0 /* Frameworks */ = {
			isa = PBXFrameworksBuildPhase;
			buildActionMask = 2147483647;
			files = (
			);
			runOnlyForDeploymentPostprocessing = 0;
		};
/* End PBXFrameworksBuildPhase section */

/* Begin PBXGroup section */
		654308E828E2C46D00966FD0 = {
			isa = PBXGroup;
			children = (
				654308F328E2C46E00966FD0 /* news_search */,
				654308F228E2C46E00966FD0 /* Products */,
			);
			sourceTree = "<group>";
		};
		654308F228E2C46E00966FD0 /* Products */ = {
			isa = PBXGroup;
			children = (
				654308F128E2C46E00966FD0 /* news_search.app */,
			);
			name = Products;
			sourceTree = "<group>";
		};
		654308F328E2C46E00966FD0 /* news_search */ = {
			isa = PBXGroup;
			children = (
				654308F428E2C46E00966FD0 /* AppDelegate.swift */,
				654308F628E2C46E00966FD0 /* SceneDelegate.swift */,
				654308F828E2C46E00966FD0 /* ViewController.swift */,
				65865CC928E4F3E6000DA7A9 /* Entities */,
				654308FD28E2C46F00966FD0 /* Assets.xcassets */,
				654308FF28E2C46F00966FD0 /* LaunchScreen.storyboard */,
				6543090228E2C46F00966FD0 /* Info.plist */,
			);
			path = news_search;
			sourceTree = "<group>";
		};
		65865CC928E4F3E6000DA7A9 /* Entities */ = {
			isa = PBXGroup;
			children = (
				6543091428E2E70100966FD0 /* NewsTableViewCell.swift */,
				6543090828E2C4FC00966FD0 /* Styles.swift */,
				65865CCA28E4F3FC000DA7A9 /* DataManager.swift */,
				65865CD228E5E8A1000DA7A9 /* LoadNewsAPI.swift */,
			);
			path = Entities;
			sourceTree = "<group>";
		};
/* End PBXGroup section */

/* Begin PBXNativeTarget section */
		654308F028E2C46E00966FD0 /* news_search */ = {
			isa = PBXNativeTarget;
			buildConfigurationList = 6543090528E2C46F00966FD0 /* Build configuration list for PBXNativeTarget "news_search" */;
			buildPhases = (
				654308ED28E2C46E00966FD0 /* Sources */,
				654308EE28E2C46E00966FD0 /* Frameworks */,
				654308EF28E2C46E00966FD0 /* Resources */,
			);
			buildRules = (
			);
			dependencies = (
			);
			name = news_search;
			packageProductDependencies = (
			);
			productName = news_search;
			productReference = 654308F128E2C46E00966FD0 /* news_search.app */;
			productType = "com.apple.product-type.application";
		};
/* End PBXNativeTarget section */

/* Begin PBXProject section */
		654308E928E2C46D00966FD0 /* Project object */ = {
			isa = PBXProject;
			attributes = {
				BuildIndependentTargetsInParallel = 1;
				LastSwiftUpdateCheck = 1330;
				LastUpgradeCheck = 1330;
				TargetAttributes = {
					654308F028E2C46E00966FD0 = {
						CreatedOnToolsVersion = 13.3;
					};
				};
			};
			buildConfigurationList = 654308EC28E2C46D00966FD0 /* Build configuration list for PBXProject "news_search" */;
			compatibilityVersion = "Xcode 13.0";
			developmentRegion = en;
			hasScannedForEncodings = 0;
			knownRegions = (
				en,
				Base,
			);
			mainGroup = 654308E828E2C46D00966FD0;
			packageReferences = (
				6543090A28E2C83400966FD0 /* XCRemoteSwiftPackageReference "RxSwift" */,
			);
			productRefGroup = 654308F228E2C46E00966FD0 /* Products */;
			projectDirPath = "";
			projectRoot = "";
			targets = (
				654308F028E2C46E00966FD0 /* news_search */,
			);
		};
/* End PBXProject section */

/* Begin PBXResourcesBuildPhase section */
		654308EF28E2C46E00966FD0 /* Resources */ = {
			isa = PBXResourcesBuildPhase;
			buildActionMask = 2147483647;
			files = (
				6543090128E2C46F00966FD0 /* LaunchScreen.storyboard in Resources */,
				654308FE28E2C46F00966FD0 /* Assets.xcassets in Resources */,
			);
			runOnlyForDeploymentPostprocessing = 0;
		};
/* End PBXResourcesBuildPhase section */

/* Begin PBXSourcesBuildPhase section */
		654308ED28E2C46E00966FD0 /* Sources */ = {
			isa = PBXSourcesBuildPhase;
			buildActionMask = 2147483647;
			files = (
				654308F928E2C46E00966FD0 /* ViewController.swift in Sources */,
				654308F528E2C46E00966FD0 /* AppDelegate.swift in Sources */,
				6543091528E2E70100966FD0 /* NewsTableViewCell.swift in Sources */,
				65865CD328E5E8A2000DA7A9 /* LoadNewsAPI.swift in Sources */,
				6543090928E2C4FC00966FD0 /* Styles.swift in Sources */,
				654308F728E2C46E00966FD0 /* SceneDelegate.swift in Sources */,
				65865CCB28E4F3FC000DA7A9 /* DataManager.swift in Sources */,
			);
			runOnlyForDeploymentPostprocessing = 0;
		};
/* End PBXSourcesBuildPhase section */

/* Begin PBXVariantGroup section */
		654308FF28E2C46F00966FD0 /* LaunchScreen.storyboard */ = {
			isa = PBXVariantGroup;
			children = (
				6543090028E2C46F00966FD0 /* Base */,
			);
			name = LaunchScreen.storyboard;
			sourceTree = "<group>";
		};
/* End PBXVariantGroup section */

/* Begin XCBuildConfiguration section */
		6543090328E2C46F00966FD0 /* Debug */ = {
			isa = XCBuildConfiguration;
			buildSettings = {
				ALWAYS_SEARCH_USER_PATHS = NO;
				CLANG_ANALYZER_NONNULL = YES;
				CLANG_ANALYZER_NUMBER_OBJECT_CONVERSION = YES_AGGRESSIVE;
				CLANG_CXX_LANGUAGE_STANDARD = "gnu++17";
				CLANG_ENABLE_MODULES = YES;
				CLANG_ENABLE_OBJC_ARC = YES;
				CLANG_ENABLE_OBJC_WEAK = YES;
				CLANG_WARN_BLOCK_CAPTURE_AUTORELEASING = YES;
				CLANG_WARN_BOOL_CONVERSION = YES;
				CLANG_WARN_COMMA = YES;
				CLANG_WARN_CONSTANT_CONVERSION = YES;
				CLANG_WARN_DEPRECATED_OBJC_IMPLEMENTATIONS = YES;
				CLANG_WARN_DIRECT_OBJC_ISA_USAGE = YES_ERROR;
				CLANG_WARN_DOCUMENTATION_COMMENTS = YES;
				CLANG_WARN_EMPTY_BODY = YES;
				CLANG_WARN_ENUM_CONVERSION = YES;
				CLANG_WARN_INFINITE_RECURSION = YES;
				CLANG_WARN_INT_CONVERSION = YES;
				CLANG_WARN_NON_LITERAL_NULL_CONVERSION = YES;
				CLANG_WARN_OBJC_IMPLICIT_RETAIN_SELF = YES;
				CLANG_WARN_OBJC_LITERAL_CONVERSION = YES;
				CLANG_WARN_OBJC_ROOT_CLASS = YES_ERROR;
				CLANG_WARN_QUOTED_INCLUDE_IN_FRAMEWORK_HEADER = YES;
				CLANG_WARN_RANGE_LOOP_ANALYSIS = YES;
				CLANG_WARN_STRICT_PROTOTYPES = YES;
				CLANG_WARN_SUSPICIOUS_MOVE = YES;
				CLANG_WARN_UNGUARDED_AVAILABILITY = YES_AGGRESSIVE;
				CLANG_WARN_UNREACHABLE_CODE = YES;
				CLANG_WARN__DUPLICATE_METHOD_MATCH = YES;
				COPY_PHASE_STRIP = NO;
				DEBUG_INFORMATION_FORMAT = dwarf;
				ENABLE_STRICT_OBJC_MSGSEND = YES;
				ENABLE_TESTABILITY = YES;
				GCC_C_LANGUAGE_STANDARD = gnu11;
				GCC_DYNAMIC_NO_PIC = NO;
				GCC_NO_COMMON_BLOCKS = YES;
				GCC_OPTIMIZATION_LEVEL = 0;
				GCC_PREPROCESSOR_DEFINITIONS = (
					"DEBUG=1",
					"$(inherited)",
				);
				GCC_WARN_64_TO_32_BIT_CONVERSION = YES;
				GCC_WARN_ABOUT_RETURN_TYPE = YES_ERROR;
				GCC_WARN_UNDECLARED_SELECTOR = YES;
				GCC_WARN_UNINITIALIZED_AUTOS = YES_AGGRESSIVE;
				GCC_WARN_UNUSED_FUNCTION = YES;
				GCC_WARN_UNUSED_VARIABLE = YES;
				IPHONEOS_DEPLOYMENT_TARGET = 15.4;
				MTL_ENABLE_DEBUG_INFO = INCLUDE_SOURCE;
				MTL_FAST_MATH = YES;
				ONLY_ACTIVE_ARCH = YES;
				SDKROOT = iphoneos;
				SWIFT_ACTIVE_COMPILATION_CONDITIONS = DEBUG;
				SWIFT_OPTIMIZATION_LEVEL = "-Onone";
			};
			name = Debug;
		};
		6543090428E2C46F00966FD0 /* Release */ = {
			isa = XCBuildConfiguration;
			buildSettings = {
				ALWAYS_SEARCH_USER_PATHS = NO;
				CLANG_ANALYZER_NONNULL = YES;
				CLANG_ANALYZER_NUMBER_OBJECT_CONVERSION = YES_AGGRESSIVE;
				CLANG_CXX_LANGUAGE_STANDARD = "gnu++17";
				CLANG_ENABLE_MODULES = YES;
				CLANG_ENABLE_OBJC_ARC = YES;
				CLANG_ENABLE_OBJC_WEAK = YES;
				CLANG_WARN_BLOCK_CAPTURE_AUTORELEASING = YES;
				CLANG_WARN_BOOL_CONVERSION = YES;
				CLANG_WARN_COMMA = YES;
				CLANG_WARN_CONSTANT_CONVERSION = YES;
				CLANG_WARN_DEPRECATED_OBJC_IMPLEMENTATIONS = YES;
				CLANG_WARN_DIRECT_OBJC_ISA_USAGE = YES_ERROR;
				CLANG_WARN_DOCUMENTATION_COMMENTS = YES;
				CLANG_WARN_EMPTY_BODY = YES;
				CLANG_WARN_ENUM_CONVERSION = YES;
				CLANG_WARN_INFINITE_RECURSION = YES;
				CLANG_WARN_INT_CONVERSION = YES;
				CLANG_WARN_NON_LITERAL_NULL_CONVERSION = YES;
				CLANG_WARN_OBJC_IMPLICIT_RETAIN_SELF = YES;
				CLANG_WARN_OBJC_LITERAL_CONVERSION = YES;
				CLANG_WARN_OBJC_ROOT_CLASS = YES_ERROR;
				CLANG_WARN_QUOTED_INCLUDE_IN_FRAMEWORK_HEADER = YES;
				CLANG_WARN_RANGE_LOOP_ANALYSIS = YES;
				CLANG_WARN_STRICT_PROTOTYPES = YES;
				CLANG_WARN_SUSPICIOUS_MOVE = YES;
				CLANG_WARN_UNGUARDED_AVAILABILITY = YES_AGGRESSIVE;
				CLANG_WARN_UNREACHABLE_CODE = YES;
				CLANG_WARN__DUPLICATE_METHOD_MATCH = YES;
				COPY_PHASE_STRIP = NO;
				DEBUG_INFORMATION_FORMAT = "dwarf-with-dsym";
				ENABLE_NS_ASSERTIONS = NO;
				ENABLE_STRICT_OBJC_MSGSEND = YES;
				GCC_C_LANGUAGE_STANDARD = gnu11;
				GCC_NO_COMMON_BLOCKS = YES;
				GCC_WARN_64_TO_32_BIT_CONVERSION = YES;
				GCC_WARN_ABOUT_RETURN_TYPE = YES_ERROR;
				GCC_WARN_UNDECLARED_SELECTOR = YES;
				GCC_WARN_UNINITIALIZED_AUTOS = YES_AGGRESSIVE;
				GCC_WARN_UNUSED_FUNCTION = YES;
				GCC_WARN_UNUSED_VARIABLE = YES;
				IPHONEOS_DEPLOYMENT_TARGET = 15.4;
				MTL_ENABLE_DEBUG_INFO = NO;
				MTL_FAST_MATH = YES;
				SDKROOT = iphoneos;
				SWIFT_COMPILATION_MODE = wholemodule;
				SWIFT_OPTIMIZATION_LEVEL = "-O";
				VALIDATE_PRODUCT = YES;
			};
			name = Release;
		};
		6543090628E2C46F00966FD0 /* Debug */ = {
			isa = XCBuildConfiguration;
			buildSettings = {
				ASSETCATALOG_COMPILER_APPICON_NAME = AppIcon;
				ASSETCATALOG_COMPILER_GLOBAL_ACCENT_COLOR_NAME = AccentColor;
				CODE_SIGN_STYLE = Automatic;
				CURRENT_PROJECT_VERSION = 1;
				DEVELOPMENT_TEAM = 2CV8U244AV;
				GENERATE_INFOPLIST_FILE = YES;
				INFOPLIST_FILE = news_search/Info.plist;
				INFOPLIST_KEY_UIApplicationSupportsIndirectInputEvents = YES;
				INFOPLIST_KEY_UILaunchStoryboardName = LaunchScreen;
				INFOPLIST_KEY_UISupportedInterfaceOrientations_iPad = "UIInterfaceOrientationPortrait UIInterfaceOrientationPortraitUpsideDown UIInterfaceOrientationLandscapeLeft UIInterfaceOrientationLandscapeRight";
				INFOPLIST_KEY_UISupportedInterfaceOrientations_iPhone = "UIInterfaceOrientationPortrait UIInterfaceOrientationLandscapeLeft UIInterfaceOrientationLandscapeRight";
				LD_RUNPATH_SEARCH_PATHS = (
					"$(inherited)",
					"@executable_path/Frameworks",
				);
				MARKETING_VERSION = 1.0;
				PRODUCT_BUNDLE_IDENTIFIER = "waffle-rookies.news-search";
				PRODUCT_NAME = "$(TARGET_NAME)";
				SWIFT_EMIT_LOC_STRINGS = YES;
				SWIFT_VERSION = 5.0;
				TARGETED_DEVICE_FAMILY = "1,2";
			};
			name = Debug;
		};
		6543090728E2C46F00966FD0 /* Release */ = {
			isa = XCBuildConfiguration;
			buildSettings = {
				ASSETCATALOG_COMPILER_APPICON_NAME = AppIcon;
				ASSETCATALOG_COMPILER_GLOBAL_ACCENT_COLOR_NAME = AccentColor;
				CODE_SIGN_STYLE = Automatic;
				CURRENT_PROJECT_VERSION = 1;
				DEVELOPMENT_TEAM = 2CV8U244AV;
				GENERATE_INFOPLIST_FILE = YES;
				INFOPLIST_FILE = news_search/Info.plist;
				INFOPLIST_KEY_UIApplicationSupportsIndirectInputEvents = YES;
				INFOPLIST_KEY_UILaunchStoryboardName = LaunchScreen;
				INFOPLIST_KEY_UISupportedInterfaceOrientations_iPad = "UIInterfaceOrientationPortrait UIInterfaceOrientationPortraitUpsideDown UIInterfaceOrientationLandscapeLeft UIInterfaceOrientationLandscapeRight";
				INFOPLIST_KEY_UISupportedInterfaceOrientations_iPhone = "UIInterfaceOrientationPortrait UIInterfaceOrientationLandscapeLeft UIInterfaceOrientationLandscapeRight";
				LD_RUNPATH_SEARCH_PATHS = (
					"$(inherited)",
					"@executable_path/Frameworks",
				);
				MARKETING_VERSION = 1.0;
				PRODUCT_BUNDLE_IDENTIFIER = "waffle-rookies.news-search";
				PRODUCT_NAME = "$(TARGET_NAME)";
				SWIFT_EMIT_LOC_STRINGS = YES;
				SWIFT_VERSION = 5.0;
				TARGETED_DEVICE_FAMILY = "1,2";
			};
			name = Release;
		};
/* End XCBuildConfiguration section */

/* Begin XCConfigurationList section */
		654308EC28E2C46D00966FD0 /* Build configuration list for PBXProject "news_search" */ = {
			isa = XCConfigurationList;
			buildConfigurations = (
				6543090328E2C46F00966FD0 /* Debug */,
				6543090428E2C46F00966FD0 /* Release */,
			);
			defaultConfigurationIsVisible = 0;
			defaultConfigurationName = Release;
		};
		6543090528E2C46F00966FD0 /* Build configuration list for PBXNativeTarget "news_search" */ = {
			isa = XCConfigurationList;
			buildConfigurations = (
				6543090628E2C46F00966FD0 /* Debug */,
				6543090728E2C46F00966FD0 /* Release */,
			);
			defaultConfigurationIsVisible = 0;
			defaultConfigurationName = Release;
		};
/* End XCConfigurationList section */

/* Begin XCRemoteSwiftPackageReference section */
		6543090A28E2C83400966FD0 /* XCRemoteSwiftPackageReference "RxSwift" */ = {
			isa = XCRemoteSwiftPackageReference;
			repositoryURL = "https://github.com/ReactiveX/RxSwift";
			requirement = {
				kind = upToNextMajorVersion;
				minimumVersion = 6.0.0;
			};
		};
/* End XCRemoteSwiftPackageReference section */
	};
	rootObject = 654308E928E2C46D00966FD0 /* Project object */;
}
