// !$*UTF8*$!
{
	archiveVersion = 1;
	classes = {
	};
	objectVersion = 55;
	objects = {

/* Begin PBXBuildFile section */
		6566F7D828D0D4AF00068C9B /* AppDelegate.swift in Sources */ = {isa = PBXBuildFile; fileRef = 6566F7D728D0D4AF00068C9B /* AppDelegate.swift */; };
		6566F7DA28D0D4AF00068C9B /* SceneDelegate.swift in Sources */ = {isa = PBXBuildFile; fileRef = 6566F7D928D0D4AF00068C9B /* SceneDelegate.swift */; };
		6566F7E128D0D4B100068C9B /* Assets.xcassets in Resources */ = {isa = PBXBuildFile; fileRef = 6566F7E028D0D4B100068C9B /* Assets.xcassets */; };
		6566F7E428D0D4B100068C9B /* LaunchScreen.storyboard in Resources */ = {isa = PBXBuildFile; fileRef = 6566F7E228D0D4B100068C9B /* LaunchScreen.storyboard */; };
		6566F80A28D1025100068C9B /* TaskTableViewController.swift in Sources */ = {isa = PBXBuildFile; fileRef = 6566F80928D1025100068C9B /* TaskTableViewController.swift */; };
		6566F80C28D1026200068C9B /* TaskTableViewCell.swift in Sources */ = {isa = PBXBuildFile; fileRef = 6566F80B28D1026200068C9B /* TaskTableViewCell.swift */; };
		659D3A4028D6EC0000BA8AF6 /* JalnanOTF.otf in Resources */ = {isa = PBXBuildFile; fileRef = 659D3A3E28D6EACC00BA8AF6 /* JalnanOTF.otf */; };
		659D3A4328D73E7D00BA8AF6 /* AddTaskViewController.swift in Sources */ = {isa = PBXBuildFile; fileRef = 659D3A4228D73E7D00BA8AF6 /* AddTaskViewController.swift */; };
		65B2582F28D955D400AAD2C7 /* EditTaskViewController.swift in Sources */ = {isa = PBXBuildFile; fileRef = 65B2582E28D955D400AAD2C7 /* EditTaskViewController.swift */; };
/* End PBXBuildFile section */

/* Begin PBXFileReference section */
		6566F7D428D0D4AF00068C9B /* TODO_grace.app */ = {isa = PBXFileReference; explicitFileType = wrapper.application; includeInIndex = 0; path = TODO_grace.app; sourceTree = BUILT_PRODUCTS_DIR; };
		6566F7D728D0D4AF00068C9B /* AppDelegate.swift */ = {isa = PBXFileReference; lastKnownFileType = sourcecode.swift; path = AppDelegate.swift; sourceTree = "<group>"; };
		6566F7D928D0D4AF00068C9B /* SceneDelegate.swift */ = {isa = PBXFileReference; lastKnownFileType = sourcecode.swift; path = SceneDelegate.swift; sourceTree = "<group>"; };
		6566F7E028D0D4B100068C9B /* Assets.xcassets */ = {isa = PBXFileReference; lastKnownFileType = folder.assetcatalog; path = Assets.xcassets; sourceTree = "<group>"; };
		6566F7E328D0D4B100068C9B /* Base */ = {isa = PBXFileReference; lastKnownFileType = file.storyboard; name = Base; path = Base.lproj/LaunchScreen.storyboard; sourceTree = "<group>"; };
		6566F7E528D0D4B100068C9B /* Info.plist */ = {isa = PBXFileReference; lastKnownFileType = text.plist.xml; path = Info.plist; sourceTree = "<group>"; };
		6566F80928D1025100068C9B /* TaskTableViewController.swift */ = {isa = PBXFileReference; lastKnownFileType = sourcecode.swift; path = TaskTableViewController.swift; sourceTree = "<group>"; };
		6566F80B28D1026200068C9B /* TaskTableViewCell.swift */ = {isa = PBXFileReference; lastKnownFileType = sourcecode.swift; path = TaskTableViewCell.swift; sourceTree = "<group>"; };
		659D3A3E28D6EACC00BA8AF6 /* JalnanOTF.otf */ = {isa = PBXFileReference; lastKnownFileType = file; path = JalnanOTF.otf; sourceTree = "<group>"; };
		659D3A4228D73E7D00BA8AF6 /* AddTaskViewController.swift */ = {isa = PBXFileReference; lastKnownFileType = sourcecode.swift; path = AddTaskViewController.swift; sourceTree = "<group>"; };
		65B2582E28D955D400AAD2C7 /* EditTaskViewController.swift */ = {isa = PBXFileReference; lastKnownFileType = sourcecode.swift; path = EditTaskViewController.swift; sourceTree = "<group>"; };
/* End PBXFileReference section */

/* Begin PBXFrameworksBuildPhase section */
		6566F7D128D0D4AF00068C9B /* Frameworks */ = {
			isa = PBXFrameworksBuildPhase;
			buildActionMask = 2147483647;
			files = (
			);
			runOnlyForDeploymentPostprocessing = 0;
		};
/* End PBXFrameworksBuildPhase section */

/* Begin PBXGroup section */
		6566F7CB28D0D4AE00068C9B = {
			isa = PBXGroup;
			children = (
				6566F7D628D0D4AF00068C9B /* TODO_grace */,
				6566F7D528D0D4AF00068C9B /* Products */,
			);
			sourceTree = "<group>";
		};
		6566F7D528D0D4AF00068C9B /* Products */ = {
			isa = PBXGroup;
			children = (
				6566F7D428D0D4AF00068C9B /* TODO_grace.app */,
			);
			name = Products;
			sourceTree = "<group>";
		};
		6566F7D628D0D4AF00068C9B /* TODO_grace */ = {
			isa = PBXGroup;
			children = (
				659D3A3D28D6EABC00BA8AF6 /* custom fonts */,
				6566F7D728D0D4AF00068C9B /* AppDelegate.swift */,
				6566F7D928D0D4AF00068C9B /* SceneDelegate.swift */,
				6566F7E028D0D4B100068C9B /* Assets.xcassets */,
				6566F7E228D0D4B100068C9B /* LaunchScreen.storyboard */,
				6566F7E528D0D4B100068C9B /* Info.plist */,
				65B2582E28D955D400AAD2C7 /* EditTaskViewController.swift */,
				6566F80928D1025100068C9B /* TaskTableViewController.swift */,
				6566F80B28D1026200068C9B /* TaskTableViewCell.swift */,
				659D3A4228D73E7D00BA8AF6 /* AddTaskViewController.swift */,
			);
			path = TODO_grace;
			sourceTree = "<group>";
		};
		659D3A3D28D6EABC00BA8AF6 /* custom fonts */ = {
			isa = PBXGroup;
			children = (
				659D3A3E28D6EACC00BA8AF6 /* JalnanOTF.otf */,
			);
			path = "custom fonts";
			sourceTree = "<group>";
		};
/* End PBXGroup section */

/* Begin PBXNativeTarget section */
		6566F7D328D0D4AF00068C9B /* TODO_grace */ = {
			isa = PBXNativeTarget;
			buildConfigurationList = 6566F7E828D0D4B100068C9B /* Build configuration list for PBXNativeTarget "TODO_grace" */;
			buildPhases = (
				6566F7D028D0D4AF00068C9B /* Sources */,
				6566F7D128D0D4AF00068C9B /* Frameworks */,
				6566F7D228D0D4AF00068C9B /* Resources */,
			);
			buildRules = (
			);
			dependencies = (
			);
			name = TODO_grace;
			productName = TODO_grace;
			productReference = 6566F7D428D0D4AF00068C9B /* TODO_grace.app */;
			productType = "com.apple.product-type.application";
		};
/* End PBXNativeTarget section */

/* Begin PBXProject section */
		6566F7CC28D0D4AE00068C9B /* Project object */ = {
			isa = PBXProject;
			attributes = {
				BuildIndependentTargetsInParallel = 1;
				LastSwiftUpdateCheck = 1330;
				LastUpgradeCheck = 1330;
				TargetAttributes = {
					6566F7D328D0D4AF00068C9B = {
						CreatedOnToolsVersion = 13.3;
					};
				};
			};
			buildConfigurationList = 6566F7CF28D0D4AE00068C9B /* Build configuration list for PBXProject "TODO_grace" */;
			compatibilityVersion = "Xcode 13.0";
			developmentRegion = en;
			hasScannedForEncodings = 0;
			knownRegions = (
				en,
				Base,
			);
			mainGroup = 6566F7CB28D0D4AE00068C9B;
			productRefGroup = 6566F7D528D0D4AF00068C9B /* Products */;
			projectDirPath = "";
			projectRoot = "";
			targets = (
				6566F7D328D0D4AF00068C9B /* TODO_grace */,
			);
		};
/* End PBXProject section */

/* Begin PBXResourcesBuildPhase section */
		6566F7D228D0D4AF00068C9B /* Resources */ = {
			isa = PBXResourcesBuildPhase;
			buildActionMask = 2147483647;
			files = (
				659D3A4028D6EC0000BA8AF6 /* JalnanOTF.otf in Resources */,
				6566F7E428D0D4B100068C9B /* LaunchScreen.storyboard in Resources */,
				6566F7E128D0D4B100068C9B /* Assets.xcassets in Resources */,
			);
			runOnlyForDeploymentPostprocessing = 0;
		};
/* End PBXResourcesBuildPhase section */

/* Begin PBXSourcesBuildPhase section */
		6566F7D028D0D4AF00068C9B /* Sources */ = {
			isa = PBXSourcesBuildPhase;
			buildActionMask = 2147483647;
			files = (
				6566F80A28D1025100068C9B /* TaskTableViewController.swift in Sources */,
				65B2582F28D955D400AAD2C7 /* EditTaskViewController.swift in Sources */,
				6566F80C28D1026200068C9B /* TaskTableViewCell.swift in Sources */,
				6566F7D828D0D4AF00068C9B /* AppDelegate.swift in Sources */,
				6566F7DA28D0D4AF00068C9B /* SceneDelegate.swift in Sources */,
				659D3A4328D73E7D00BA8AF6 /* AddTaskViewController.swift in Sources */,
			);
			runOnlyForDeploymentPostprocessing = 0;
		};
/* End PBXSourcesBuildPhase section */

/* Begin PBXVariantGroup section */
		6566F7E228D0D4B100068C9B /* LaunchScreen.storyboard */ = {
			isa = PBXVariantGroup;
			children = (
				6566F7E328D0D4B100068C9B /* Base */,
			);
			name = LaunchScreen.storyboard;
			sourceTree = "<group>";
		};
/* End PBXVariantGroup section */

/* Begin XCBuildConfiguration section */
		6566F7E628D0D4B100068C9B /* Debug */ = {
			isa = XCBuildConfiguration;
			buildSettings = {
				ALWAYS_SEARCH_USER_PATHS = NO;
				CLANG_ANALYZER_NONNULL = YES;
				CLANG_ANALYZER_NUMBER_OBJECT_CONVERSION = YES_AGGRESSIVE;
				CLANG_CXX_LANGUAGE_STANDARD = "gnu++17";
				CLANG_ENABLE_MODULES = YES;
				CLANG_ENABLE_OBJC_ARC = YES;
				CLANG_ENABLE_OBJC_WEAK = YES;
				CLANG_WARN_BLOCK_CAPTURE_AUTORELEASING = YES;
				CLANG_WARN_BOOL_CONVERSION = YES;
				CLANG_WARN_COMMA = YES;
				CLANG_WARN_CONSTANT_CONVERSION = YES;
				CLANG_WARN_DEPRECATED_OBJC_IMPLEMENTATIONS = YES;
				CLANG_WARN_DIRECT_OBJC_ISA_USAGE = YES_ERROR;
				CLANG_WARN_DOCUMENTATION_COMMENTS = YES;
				CLANG_WARN_EMPTY_BODY = YES;
				CLANG_WARN_ENUM_CONVERSION = YES;
				CLANG_WARN_INFINITE_RECURSION = YES;
				CLANG_WARN_INT_CONVERSION = YES;
				CLANG_WARN_NON_LITERAL_NULL_CONVERSION = YES;
				CLANG_WARN_OBJC_IMPLICIT_RETAIN_SELF = YES;
				CLANG_WARN_OBJC_LITERAL_CONVERSION = YES;
				CLANG_WARN_OBJC_ROOT_CLASS = YES_ERROR;
				CLANG_WARN_QUOTED_INCLUDE_IN_FRAMEWORK_HEADER = YES;
				CLANG_WARN_RANGE_LOOP_ANALYSIS = YES;
				CLANG_WARN_STRICT_PROTOTYPES = YES;
				CLANG_WARN_SUSPICIOUS_MOVE = YES;
				CLANG_WARN_UNGUARDED_AVAILABILITY = YES_AGGRESSIVE;
				CLANG_WARN_UNREACHABLE_CODE = YES;
				CLANG_WARN__DUPLICATE_METHOD_MATCH = YES;
				COPY_PHASE_STRIP = NO;
				DEBUG_INFORMATION_FORMAT = dwarf;
				ENABLE_STRICT_OBJC_MSGSEND = YES;
				ENABLE_TESTABILITY = YES;
				GCC_C_LANGUAGE_STANDARD = gnu11;
				GCC_DYNAMIC_NO_PIC = NO;
				GCC_NO_COMMON_BLOCKS = YES;
				GCC_OPTIMIZATION_LEVEL = 0;
				GCC_PREPROCESSOR_DEFINITIONS = (
					"DEBUG=1",
					"$(inherited)",
				);
				GCC_WARN_64_TO_32_BIT_CONVERSION = YES;
				GCC_WARN_ABOUT_RETURN_TYPE = YES_ERROR;
				GCC_WARN_UNDECLARED_SELECTOR = YES;
				GCC_WARN_UNINITIALIZED_AUTOS = YES_AGGRESSIVE;
				GCC_WARN_UNUSED_FUNCTION = YES;
				GCC_WARN_UNUSED_VARIABLE = YES;
				IPHONEOS_DEPLOYMENT_TARGET = 15.4;
				MTL_ENABLE_DEBUG_INFO = INCLUDE_SOURCE;
				MTL_FAST_MATH = YES;
				ONLY_ACTIVE_ARCH = YES;
				SDKROOT = iphoneos;
				SWIFT_ACTIVE_COMPILATION_CONDITIONS = DEBUG;
				SWIFT_OPTIMIZATION_LEVEL = "-Onone";
			};
			name = Debug;
		};
		6566F7E728D0D4B100068C9B /* Release */ = {
			isa = XCBuildConfiguration;
			buildSettings = {
				ALWAYS_SEARCH_USER_PATHS = NO;
				CLANG_ANALYZER_NONNULL = YES;
				CLANG_ANALYZER_NUMBER_OBJECT_CONVERSION = YES_AGGRESSIVE;
				CLANG_CXX_LANGUAGE_STANDARD = "gnu++17";
				CLANG_ENABLE_MODULES = YES;
				CLANG_ENABLE_OBJC_ARC = YES;
				CLANG_ENABLE_OBJC_WEAK = YES;
				CLANG_WARN_BLOCK_CAPTURE_AUTORELEASING = YES;
				CLANG_WARN_BOOL_CONVERSION = YES;
				CLANG_WARN_COMMA = YES;
				CLANG_WARN_CONSTANT_CONVERSION = YES;
				CLANG_WARN_DEPRECATED_OBJC_IMPLEMENTATIONS = YES;
				CLANG_WARN_DIRECT_OBJC_ISA_USAGE = YES_ERROR;
				CLANG_WARN_DOCUMENTATION_COMMENTS = YES;
				CLANG_WARN_EMPTY_BODY = YES;
				CLANG_WARN_ENUM_CONVERSION = YES;
				CLANG_WARN_INFINITE_RECURSION = YES;
				CLANG_WARN_INT_CONVERSION = YES;
				CLANG_WARN_NON_LITERAL_NULL_CONVERSION = YES;
				CLANG_WARN_OBJC_IMPLICIT_RETAIN_SELF = YES;
				CLANG_WARN_OBJC_LITERAL_CONVERSION = YES;
				CLANG_WARN_OBJC_ROOT_CLASS = YES_ERROR;
				CLANG_WARN_QUOTED_INCLUDE_IN_FRAMEWORK_HEADER = YES;
				CLANG_WARN_RANGE_LOOP_ANALYSIS = YES;
				CLANG_WARN_STRICT_PROTOTYPES = YES;
				CLANG_WARN_SUSPICIOUS_MOVE = YES;
				CLANG_WARN_UNGUARDED_AVAILABILITY = YES_AGGRESSIVE;
				CLANG_WARN_UNREACHABLE_CODE = YES;
				CLANG_WARN__DUPLICATE_METHOD_MATCH = YES;
				COPY_PHASE_STRIP = NO;
				DEBUG_INFORMATION_FORMAT = "dwarf-with-dsym";
				ENABLE_NS_ASSERTIONS = NO;
				ENABLE_STRICT_OBJC_MSGSEND = YES;
				GCC_C_LANGUAGE_STANDARD = gnu11;
				GCC_NO_COMMON_BLOCKS = YES;
				GCC_WARN_64_TO_32_BIT_CONVERSION = YES;
				GCC_WARN_ABOUT_RETURN_TYPE = YES_ERROR;
				GCC_WARN_UNDECLARED_SELECTOR = YES;
				GCC_WARN_UNINITIALIZED_AUTOS = YES_AGGRESSIVE;
				GCC_WARN_UNUSED_FUNCTION = YES;
				GCC_WARN_UNUSED_VARIABLE = YES;
				IPHONEOS_DEPLOYMENT_TARGET = 15.4;
				MTL_ENABLE_DEBUG_INFO = NO;
				MTL_FAST_MATH = YES;
				SDKROOT = iphoneos;
				SWIFT_COMPILATION_MODE = wholemodule;
				SWIFT_OPTIMIZATION_LEVEL = "-O";
				VALIDATE_PRODUCT = YES;
			};
			name = Release;
		};
		6566F7E928D0D4B100068C9B /* Debug */ = {
			isa = XCBuildConfiguration;
			buildSettings = {
				ASSETCATALOG_COMPILER_APPICON_NAME = AppIcon;
				ASSETCATALOG_COMPILER_GLOBAL_ACCENT_COLOR_NAME = AccentColor;
				CODE_SIGN_STYLE = Automatic;
				CURRENT_PROJECT_VERSION = 1;
				DEVELOPMENT_TEAM = 2CV8U244AV;
				GENERATE_INFOPLIST_FILE = YES;
				INFOPLIST_FILE = TODO_grace/Info.plist;
				INFOPLIST_KEY_UIApplicationSupportsIndirectInputEvents = YES;
				INFOPLIST_KEY_UILaunchStoryboardName = LaunchScreen;
				INFOPLIST_KEY_UISupportedInterfaceOrientations_iPad = "UIInterfaceOrientationPortrait UIInterfaceOrientationPortraitUpsideDown UIInterfaceOrientationLandscapeLeft UIInterfaceOrientationLandscapeRight";
				INFOPLIST_KEY_UISupportedInterfaceOrientations_iPhone = "UIInterfaceOrientationPortrait UIInterfaceOrientationLandscapeLeft UIInterfaceOrientationLandscapeRight";
				LD_RUNPATH_SEARCH_PATHS = (
					"$(inherited)",
					"@executable_path/Frameworks",
				);
				MARKETING_VERSION = 1.0;
				PRODUCT_BUNDLE_IDENTIFIER = "waffle-rookies.TODO-grace";
				PRODUCT_NAME = "$(TARGET_NAME)";
				SWIFT_EMIT_LOC_STRINGS = YES;
				SWIFT_VERSION = 5.0;
				TARGETED_DEVICE_FAMILY = "1,2";
			};
			name = Debug;
		};
		6566F7EA28D0D4B100068C9B /* Release */ = {
			isa = XCBuildConfiguration;
			buildSettings = {
				ASSETCATALOG_COMPILER_APPICON_NAME = AppIcon;
				ASSETCATALOG_COMPILER_GLOBAL_ACCENT_COLOR_NAME = AccentColor;
				CODE_SIGN_STYLE = Automatic;
				CURRENT_PROJECT_VERSION = 1;
				DEVELOPMENT_TEAM = 2CV8U244AV;
				GENERATE_INFOPLIST_FILE = YES;
				INFOPLIST_FILE = TODO_grace/Info.plist;
				INFOPLIST_KEY_UIApplicationSupportsIndirectInputEvents = YES;
				INFOPLIST_KEY_UILaunchStoryboardName = LaunchScreen;
				INFOPLIST_KEY_UISupportedInterfaceOrientations_iPad = "UIInterfaceOrientationPortrait UIInterfaceOrientationPortraitUpsideDown UIInterfaceOrientationLandscapeLeft UIInterfaceOrientationLandscapeRight";
				INFOPLIST_KEY_UISupportedInterfaceOrientations_iPhone = "UIInterfaceOrientationPortrait UIInterfaceOrientationLandscapeLeft UIInterfaceOrientationLandscapeRight";
				LD_RUNPATH_SEARCH_PATHS = (
					"$(inherited)",
					"@executable_path/Frameworks",
				);
				MARKETING_VERSION = 1.0;
				PRODUCT_BUNDLE_IDENTIFIER = "waffle-rookies.TODO-grace";
				PRODUCT_NAME = "$(TARGET_NAME)";
				SWIFT_EMIT_LOC_STRINGS = YES;
				SWIFT_VERSION = 5.0;
				TARGETED_DEVICE_FAMILY = "1,2";
			};
			name = Release;
		};
/* End XCBuildConfiguration section */

/* Begin XCConfigurationList section */
		6566F7CF28D0D4AE00068C9B /* Build configuration list for PBXProject "TODO_grace" */ = {
			isa = XCConfigurationList;
			buildConfigurations = (
				6566F7E628D0D4B100068C9B /* Debug */,
				6566F7E728D0D4B100068C9B /* Release */,
			);
			defaultConfigurationIsVisible = 0;
			defaultConfigurationName = Release;
		};
		6566F7E828D0D4B100068C9B /* Build configuration list for PBXNativeTarget "TODO_grace" */ = {
			isa = XCConfigurationList;
			buildConfigurations = (
				6566F7E928D0D4B100068C9B /* Debug */,
				6566F7EA28D0D4B100068C9B /* Release */,
			);
			defaultConfigurationIsVisible = 0;
			defaultConfigurationName = Release;
		};
/* End XCConfigurationList section */
	};
	rootObject = 6566F7CC28D0D4AE00068C9B /* Project object */;
}
