// !$*UTF8*$!
{
	archiveVersion = 1;
	classes = {
	};
	objectVersion = 55;
	objects = {

/* Begin PBXBuildFile section */
		652995C229056AE100978F5A /* MovieGenreCollectionViewCell.swift in Sources */ = {isa = PBXBuildFile; fileRef = 652995C129056AE100978F5A /* MovieGenreCollectionViewCell.swift */; };
		6549045228F2876C00CC7C9A /* RxBlocking in Frameworks */ = {isa = PBXBuildFile; productRef = 6549045128F2876C00CC7C9A /* RxBlocking */; };
		6549045428F2876C00CC7C9A /* RxCocoa in Frameworks */ = {isa = PBXBuildFile; productRef = 6549045328F2876C00CC7C9A /* RxCocoa */; };
		6549045628F2876C00CC7C9A /* RxRelay in Frameworks */ = {isa = PBXBuildFile; productRef = 6549045528F2876C00CC7C9A /* RxRelay */; };
		6549045928F2878100CC7C9A /* SnapKit in Frameworks */ = {isa = PBXBuildFile; productRef = 6549045828F2878100CC7C9A /* SnapKit */; };
		6549045C28F287FB00CC7C9A /* RxGesture in Frameworks */ = {isa = PBXBuildFile; productRef = 6549045B28F287FB00CC7C9A /* RxGesture */; };
		6549046028F28AFA00CC7C9A /* CustomItemView.swift in Sources */ = {isa = PBXBuildFile; fileRef = 6549045F28F28AFA00CC7C9A /* CustomItemView.swift */; };
		6549046228F28B2600CC7C9A /* CustomTabBar.swift in Sources */ = {isa = PBXBuildFile; fileRef = 6549046128F28B2600CC7C9A /* CustomTabBar.swift */; };
		6549046428F28B4A00CC7C9A /* CustomTabBarController.swift in Sources */ = {isa = PBXBuildFile; fileRef = 6549046328F28B4A00CC7C9A /* CustomTabBarController.swift */; };
		6549046628F28B6500CC7C9A /* CustomTabItem.swift in Sources */ = {isa = PBXBuildFile; fileRef = 6549046528F28B6500CC7C9A /* CustomTabItem.swift */; };
		6549046828F28B9800CC7C9A /* Extensions.swift in Sources */ = {isa = PBXBuildFile; fileRef = 6549046728F28B9800CC7C9A /* Extensions.swift */; };
		6549046D28F2920B00CC7C9A /* CustomSegmentedControll.swift in Sources */ = {isa = PBXBuildFile; fileRef = 6549046C28F2920B00CC7C9A /* CustomSegmentedControll.swift */; };
		6549047028F2DFA300CC7C9A /* Movie.swift in Sources */ = {isa = PBXBuildFile; fileRef = 6549046F28F2DFA300CC7C9A /* Movie.swift */; };
		6549047328F2E00A00CC7C9A /* MovieViewModel.swift in Sources */ = {isa = PBXBuildFile; fileRef = 6549047228F2E00A00CC7C9A /* MovieViewModel.swift */; };
		6549047528F2EBE500CC7C9A /* RootViewModel.swift in Sources */ = {isa = PBXBuildFile; fileRef = 6549047428F2EBE500CC7C9A /* RootViewModel.swift */; };
		655F7E7528F9A55C00A2FE79 /* MovieDetailViewController.swift in Sources */ = {isa = PBXBuildFile; fileRef = 655F7E7428F9A55C00A2FE79 /* MovieDetailViewController.swift */; };
		6564D16828FA935400ADC6E1 /* Genre.swift in Sources */ = {isa = PBXBuildFile; fileRef = 6564D16728FA935400ADC6E1 /* Genre.swift */; };
		6564D16A28FA946800ADC6E1 /* GenreListState.swift in Sources */ = {isa = PBXBuildFile; fileRef = 6564D16928FA946800ADC6E1 /* GenreListState.swift */; };
		65677BBB28F17D5C001885BF /* HomeViewController.swift in Sources */ = {isa = PBXBuildFile; fileRef = 65677BBA28F17D5C001885BF /* HomeViewController.swift */; };
		65677BBD28F17D65001885BF /* FavoritesViewController.swift in Sources */ = {isa = PBXBuildFile; fileRef = 65677BBC28F17D65001885BF /* FavoritesViewController.swift */; };
		65677BBF28F17D90001885BF /* Styles.swift in Sources */ = {isa = PBXBuildFile; fileRef = 65677BBE28F17D90001885BF /* Styles.swift */; };
		65677BC828F18D3F001885BF /* MoviesListCollectionViewCell.swift in Sources */ = {isa = PBXBuildFile; fileRef = 65677BC728F18D3F001885BF /* MoviesListCollectionViewCell.swift */; };
		65D238D128F140F5004F35BE /* AppDelegate.swift in Sources */ = {isa = PBXBuildFile; fileRef = 65D238D028F140F5004F35BE /* AppDelegate.swift */; };
		65D238D328F140F5004F35BE /* SceneDelegate.swift in Sources */ = {isa = PBXBuildFile; fileRef = 65D238D228F140F5004F35BE /* SceneDelegate.swift */; };
		65D238DA28F140F7004F35BE /* Assets.xcassets in Resources */ = {isa = PBXBuildFile; fileRef = 65D238D928F140F7004F35BE /* Assets.xcassets */; };
		65E54DAB28FEAE0B00BEB988 /* LikedMovieState.swift in Sources */ = {isa = PBXBuildFile; fileRef = 65E54DAA28FEAE0B00BEB988 /* LikedMovieState.swift */; };
		65EAC278290A858500548C34 /* PopularMoviesViewController.swift in Sources */ = {isa = PBXBuildFile; fileRef = 65EAC277290A858500548C34 /* PopularMoviesViewController.swift */; };
		65EAC27A290A859400548C34 /* TopRatedMoviesViewController.swift in Sources */ = {isa = PBXBuildFile; fileRef = 65EAC279290A859400548C34 /* TopRatedMoviesViewController.swift */; };
		65EAC27C290A85B600548C34 /* PopularMoviesListState.swift in Sources */ = {isa = PBXBuildFile; fileRef = 65EAC27B290A85B600548C34 /* PopularMoviesListState.swift */; };
		65EAC27E290A85BF00548C34 /* TopRatedMoviesListState.swift in Sources */ = {isa = PBXBuildFile; fileRef = 65EAC27D290A85BF00548C34 /* TopRatedMoviesListState.swift */; };
		65EAC280290ABC0C00548C34 /* SearchedMovieListState.swift in Sources */ = {isa = PBXBuildFile; fileRef = 65EAC27F290ABC0C00548C34 /* SearchedMovieListState.swift */; };
		AD7B0575C6C52AE9A71BFEEF /* Pods_movies.framework in Frameworks */ = {isa = PBXBuildFile; fileRef = 60412A080D25D4DCC499C491 /* Pods_movies.framework */; };
/* End PBXBuildFile section */

/* Begin PBXFileReference section */
		3ABA9BA2BB0DE2C52A30DDB9 /* Pods-movies.debug.xcconfig */ = {isa = PBXFileReference; includeInIndex = 1; lastKnownFileType = text.xcconfig; name = "Pods-movies.debug.xcconfig"; path = "Target Support Files/Pods-movies/Pods-movies.debug.xcconfig"; sourceTree = "<group>"; };
		60412A080D25D4DCC499C491 /* Pods_movies.framework */ = {isa = PBXFileReference; explicitFileType = wrapper.framework; includeInIndex = 0; path = Pods_movies.framework; sourceTree = BUILT_PRODUCTS_DIR; };
		652995C129056AE100978F5A /* MovieGenreCollectionViewCell.swift */ = {isa = PBXFileReference; lastKnownFileType = sourcecode.swift; path = MovieGenreCollectionViewCell.swift; sourceTree = "<group>"; };
		6549045F28F28AFA00CC7C9A /* CustomItemView.swift */ = {isa = PBXFileReference; lastKnownFileType = sourcecode.swift; path = CustomItemView.swift; sourceTree = "<group>"; };
		6549046128F28B2600CC7C9A /* CustomTabBar.swift */ = {isa = PBXFileReference; lastKnownFileType = sourcecode.swift; path = CustomTabBar.swift; sourceTree = "<group>"; };
		6549046328F28B4A00CC7C9A /* CustomTabBarController.swift */ = {isa = PBXFileReference; lastKnownFileType = sourcecode.swift; path = CustomTabBarController.swift; sourceTree = "<group>"; };
		6549046528F28B6500CC7C9A /* CustomTabItem.swift */ = {isa = PBXFileReference; lastKnownFileType = sourcecode.swift; path = CustomTabItem.swift; sourceTree = "<group>"; };
		6549046728F28B9800CC7C9A /* Extensions.swift */ = {isa = PBXFileReference; lastKnownFileType = sourcecode.swift; path = Extensions.swift; sourceTree = "<group>"; };
		6549046C28F2920B00CC7C9A /* CustomSegmentedControll.swift */ = {isa = PBXFileReference; lastKnownFileType = sourcecode.swift; path = CustomSegmentedControll.swift; sourceTree = "<group>"; };
		6549046F28F2DFA300CC7C9A /* Movie.swift */ = {isa = PBXFileReference; lastKnownFileType = sourcecode.swift; path = Movie.swift; sourceTree = "<group>"; };
		6549047228F2E00A00CC7C9A /* MovieViewModel.swift */ = {isa = PBXFileReference; lastKnownFileType = sourcecode.swift; path = MovieViewModel.swift; sourceTree = "<group>"; };
		6549047428F2EBE500CC7C9A /* RootViewModel.swift */ = {isa = PBXFileReference; lastKnownFileType = sourcecode.swift; path = RootViewModel.swift; sourceTree = "<group>"; };
		655F7E7428F9A55C00A2FE79 /* MovieDetailViewController.swift */ = {isa = PBXFileReference; lastKnownFileType = sourcecode.swift; path = MovieDetailViewController.swift; sourceTree = "<group>"; };
		6564D16728FA935400ADC6E1 /* Genre.swift */ = {isa = PBXFileReference; lastKnownFileType = sourcecode.swift; path = Genre.swift; sourceTree = "<group>"; };
		6564D16928FA946800ADC6E1 /* GenreListState.swift */ = {isa = PBXFileReference; lastKnownFileType = sourcecode.swift; path = GenreListState.swift; sourceTree = "<group>"; };
		65677BBA28F17D5C001885BF /* HomeViewController.swift */ = {isa = PBXFileReference; lastKnownFileType = sourcecode.swift; path = HomeViewController.swift; sourceTree = "<group>"; };
		65677BBC28F17D65001885BF /* FavoritesViewController.swift */ = {isa = PBXFileReference; lastKnownFileType = sourcecode.swift; path = FavoritesViewController.swift; sourceTree = "<group>"; };
		65677BBE28F17D90001885BF /* Styles.swift */ = {isa = PBXFileReference; lastKnownFileType = sourcecode.swift; path = Styles.swift; sourceTree = "<group>"; };
		65677BC728F18D3F001885BF /* MoviesListCollectionViewCell.swift */ = {isa = PBXFileReference; lastKnownFileType = sourcecode.swift; path = MoviesListCollectionViewCell.swift; sourceTree = "<group>"; };
		65D238CD28F140F5004F35BE /* movies.app */ = {isa = PBXFileReference; explicitFileType = wrapper.application; includeInIndex = 0; path = movies.app; sourceTree = BUILT_PRODUCTS_DIR; };
		65D238D028F140F5004F35BE /* AppDelegate.swift */ = {isa = PBXFileReference; lastKnownFileType = sourcecode.swift; path = AppDelegate.swift; sourceTree = "<group>"; };
		65D238D228F140F5004F35BE /* SceneDelegate.swift */ = {isa = PBXFileReference; lastKnownFileType = sourcecode.swift; path = SceneDelegate.swift; sourceTree = "<group>"; };
		65D238D928F140F7004F35BE /* Assets.xcassets */ = {isa = PBXFileReference; lastKnownFileType = folder.assetcatalog; path = Assets.xcassets; sourceTree = "<group>"; };
		65D238DE28F140F7004F35BE /* Info.plist */ = {isa = PBXFileReference; lastKnownFileType = text.plist.xml; path = Info.plist; sourceTree = "<group>"; };
		65E54DAA28FEAE0B00BEB988 /* LikedMovieState.swift */ = {isa = PBXFileReference; lastKnownFileType = sourcecode.swift; path = LikedMovieState.swift; sourceTree = "<group>"; };
		65EAC277290A858500548C34 /* PopularMoviesViewController.swift */ = {isa = PBXFileReference; lastKnownFileType = sourcecode.swift; path = PopularMoviesViewController.swift; sourceTree = "<group>"; };
		65EAC279290A859400548C34 /* TopRatedMoviesViewController.swift */ = {isa = PBXFileReference; lastKnownFileType = sourcecode.swift; path = TopRatedMoviesViewController.swift; sourceTree = "<group>"; };
		65EAC27B290A85B600548C34 /* PopularMoviesListState.swift */ = {isa = PBXFileReference; lastKnownFileType = sourcecode.swift; path = PopularMoviesListState.swift; sourceTree = "<group>"; };
		65EAC27D290A85BF00548C34 /* TopRatedMoviesListState.swift */ = {isa = PBXFileReference; lastKnownFileType = sourcecode.swift; path = TopRatedMoviesListState.swift; sourceTree = "<group>"; };
		65EAC27F290ABC0C00548C34 /* SearchedMovieListState.swift */ = {isa = PBXFileReference; lastKnownFileType = sourcecode.swift; path = SearchedMovieListState.swift; sourceTree = "<group>"; };
		696428791734D04706267705 /* Pods-movies.release.xcconfig */ = {isa = PBXFileReference; includeInIndex = 1; lastKnownFileType = text.xcconfig; name = "Pods-movies.release.xcconfig"; path = "Target Support Files/Pods-movies/Pods-movies.release.xcconfig"; sourceTree = "<group>"; };
/* End PBXFileReference section */

/* Begin PBXFrameworksBuildPhase section */
		65D238CA28F140F5004F35BE /* Frameworks */ = {
			isa = PBXFrameworksBuildPhase;
			buildActionMask = 2147483647;
			files = (
				6549045428F2876C00CC7C9A /* RxCocoa in Frameworks */,
				AD7B0575C6C52AE9A71BFEEF /* Pods_movies.framework in Frameworks */,
				6549045628F2876C00CC7C9A /* RxRelay in Frameworks */,
				6549045228F2876C00CC7C9A /* RxBlocking in Frameworks */,
				6549045C28F287FB00CC7C9A /* RxGesture in Frameworks */,
				6549045928F2878100CC7C9A /* SnapKit in Frameworks */,
			);
			runOnlyForDeploymentPostprocessing = 0;
		};
/* End PBXFrameworksBuildPhase section */

/* Begin PBXGroup section */
		112A02596C4E7927398A098E /* Pods */ = {
			isa = PBXGroup;
			children = (
				3ABA9BA2BB0DE2C52A30DDB9 /* Pods-movies.debug.xcconfig */,
				696428791734D04706267705 /* Pods-movies.release.xcconfig */,
			);
			path = Pods;
			sourceTree = "<group>";
		};
		4BBFA678C4FCEEA44882FFCD /* Frameworks */ = {
			isa = PBXGroup;
			children = (
				60412A080D25D4DCC499C491 /* Pods_movies.framework */,
			);
			name = Frameworks;
			sourceTree = "<group>";
		};
		6549044D28F286A600CC7C9A /* Customs */ = {
			isa = PBXGroup;
			children = (
				6549046928F28B9E00CC7C9A /* Custom Tab Bar */,
				6549046C28F2920B00CC7C9A /* CustomSegmentedControll.swift */,
			);
			path = Customs;
			sourceTree = "<group>";
		};
		6549046928F28B9E00CC7C9A /* Custom Tab Bar */ = {
			isa = PBXGroup;
			children = (
				6549045F28F28AFA00CC7C9A /* CustomItemView.swift */,
				6549046128F28B2600CC7C9A /* CustomTabBar.swift */,
				6549046528F28B6500CC7C9A /* CustomTabItem.swift */,
				6549046728F28B9800CC7C9A /* Extensions.swift */,
			);
			path = "Custom Tab Bar";
			sourceTree = "<group>";
		};
		6549046B28F28C3700CC7C9A /* Main VCs */ = {
			isa = PBXGroup;
			children = (
				65677BBC28F17D65001885BF /* FavoritesViewController.swift */,
				65677BBA28F17D5C001885BF /* HomeViewController.swift */,
				655F7E7428F9A55C00A2FE79 /* MovieDetailViewController.swift */,
				65EAC277290A858500548C34 /* PopularMoviesViewController.swift */,
				65EAC279290A859400548C34 /* TopRatedMoviesViewController.swift */,
			);
			path = "Main VCs";
			sourceTree = "<group>";
		};
		6549046E28F2DF9700CC7C9A /* Models */ = {
			isa = PBXGroup;
			children = (
				65677BBE28F17D90001885BF /* Styles.swift */,
				6549046F28F2DFA300CC7C9A /* Movie.swift */,
				6564D16728FA935400ADC6E1 /* Genre.swift */,
			);
			path = Models;
			sourceTree = "<group>";
		};
		6549047128F2DFF500CC7C9A /* Services */ = {
			isa = PBXGroup;
			children = (
				6549047228F2E00A00CC7C9A /* MovieViewModel.swift */,
				6549047428F2EBE500CC7C9A /* RootViewModel.swift */,
			);
			path = Services;
			sourceTree = "<group>";
		};
		655F7E7628F9AF7B00A2FE79 /* Extra */ = {
			isa = PBXGroup;
			children = (
				6549046328F28B4A00CC7C9A /* CustomTabBarController.swift */,
				65D238D028F140F5004F35BE /* AppDelegate.swift */,
				65D238D228F140F5004F35BE /* SceneDelegate.swift */,
			);
			path = Extra;
			sourceTree = "<group>";
		};
		65677BC028F17DF6001885BF /* View Controllers */ = {
			isa = PBXGroup;
			children = (
				655F7E7628F9AF7B00A2FE79 /* Extra */,
				6549046B28F28C3700CC7C9A /* Main VCs */,
			);
			path = "View Controllers";
			sourceTree = "<group>";
		};
		65677BC528F18D1C001885BF /* Cells */ = {
			isa = PBXGroup;
			children = (
				65677BC728F18D3F001885BF /* MoviesListCollectionViewCell.swift */,
				652995C129056AE100978F5A /* MovieGenreCollectionViewCell.swift */,
			);
			path = Cells;
			sourceTree = "<group>";
		};
		65CFCFFA28F5A7DA00D3146F /* Bindings */ = {
			isa = PBXGroup;
			children = (
				6564D16928FA946800ADC6E1 /* GenreListState.swift */,
				65E54DAA28FEAE0B00BEB988 /* LikedMovieState.swift */,
				65EAC27B290A85B600548C34 /* PopularMoviesListState.swift */,
				65EAC27D290A85BF00548C34 /* TopRatedMoviesListState.swift */,
				65EAC27F290ABC0C00548C34 /* SearchedMovieListState.swift */,
			);
			path = Bindings;
			sourceTree = "<group>";
		};
		65D238C428F140F5004F35BE = {
			isa = PBXGroup;
			children = (
				65D238CF28F140F5004F35BE /* movies */,
				65D238CE28F140F5004F35BE /* Products */,
				112A02596C4E7927398A098E /* Pods */,
				4BBFA678C4FCEEA44882FFCD /* Frameworks */,
			);
			sourceTree = "<group>";
		};
		65D238CE28F140F5004F35BE /* Products */ = {
			isa = PBXGroup;
			children = (
				65D238CD28F140F5004F35BE /* movies.app */,
			);
			name = Products;
			sourceTree = "<group>";
		};
		65D238CF28F140F5004F35BE /* movies */ = {
			isa = PBXGroup;
			children = (
				65CFCFFA28F5A7DA00D3146F /* Bindings */,
				6549047128F2DFF500CC7C9A /* Services */,
				6549046E28F2DF9700CC7C9A /* Models */,
				6549044D28F286A600CC7C9A /* Customs */,
				65677BC528F18D1C001885BF /* Cells */,
				65677BC028F17DF6001885BF /* View Controllers */,
				65D238D928F140F7004F35BE /* Assets.xcassets */,
				65D238DE28F140F7004F35BE /* Info.plist */,
			);
			path = movies;
			sourceTree = "<group>";
		};
/* End PBXGroup section */

/* Begin PBXNativeTarget section */
		65D238CC28F140F5004F35BE /* movies */ = {
			isa = PBXNativeTarget;
			buildConfigurationList = 65D238E128F140F7004F35BE /* Build configuration list for PBXNativeTarget "movies" */;
			buildPhases = (
				16276E7217F9523A0B1FE622 /* [CP] Check Pods Manifest.lock */,
				65D238C928F140F5004F35BE /* Sources */,
				65D238CA28F140F5004F35BE /* Frameworks */,
				65D238CB28F140F5004F35BE /* Resources */,
				B981A4CACA6AB5607242CBC9 /* [CP] Embed Pods Frameworks */,
			);
			buildRules = (
			);
			dependencies = (
			);
			name = movies;
			packageProductDependencies = (
				6549045128F2876C00CC7C9A /* RxBlocking */,
				6549045328F2876C00CC7C9A /* RxCocoa */,
				6549045528F2876C00CC7C9A /* RxRelay */,
				6549045828F2878100CC7C9A /* SnapKit */,
				6549045B28F287FB00CC7C9A /* RxGesture */,
			);
			productName = movies;
			productReference = 65D238CD28F140F5004F35BE /* movies.app */;
			productType = "com.apple.product-type.application";
		};
/* End PBXNativeTarget section */

/* Begin PBXProject section */
		65D238C528F140F5004F35BE /* Project object */ = {
			isa = PBXProject;
			attributes = {
				BuildIndependentTargetsInParallel = 1;
				LastSwiftUpdateCheck = 1330;
				LastUpgradeCheck = 1330;
				TargetAttributes = {
					65D238CC28F140F5004F35BE = {
						CreatedOnToolsVersion = 13.3;
					};
				};
			};
			buildConfigurationList = 65D238C828F140F5004F35BE /* Build configuration list for PBXProject "movies" */;
			compatibilityVersion = "Xcode 13.0";
			developmentRegion = en;
			hasScannedForEncodings = 0;
			knownRegions = (
				en,
				Base,
			);
			mainGroup = 65D238C428F140F5004F35BE;
			packageReferences = (
				6549045028F2876C00CC7C9A /* XCRemoteSwiftPackageReference "RxSwift" */,
				6549045728F2878100CC7C9A /* XCRemoteSwiftPackageReference "SnapKit" */,
				6549045A28F287FB00CC7C9A /* XCRemoteSwiftPackageReference "RxGesture" */,
			);
			productRefGroup = 65D238CE28F140F5004F35BE /* Products */;
			projectDirPath = "";
			projectRoot = "";
			targets = (
				65D238CC28F140F5004F35BE /* movies */,
			);
		};
/* End PBXProject section */

/* Begin PBXResourcesBuildPhase section */
		65D238CB28F140F5004F35BE /* Resources */ = {
			isa = PBXResourcesBuildPhase;
			buildActionMask = 2147483647;
			files = (
				65D238DA28F140F7004F35BE /* Assets.xcassets in Resources */,
			);
			runOnlyForDeploymentPostprocessing = 0;
		};
/* End PBXResourcesBuildPhase section */

/* Begin PBXShellScriptBuildPhase section */
		16276E7217F9523A0B1FE622 /* [CP] Check Pods Manifest.lock */ = {
			isa = PBXShellScriptBuildPhase;
			buildActionMask = 2147483647;
			files = (
			);
			inputFileListPaths = (
			);
			inputPaths = (
				"${PODS_PODFILE_DIR_PATH}/Podfile.lock",
				"${PODS_ROOT}/Manifest.lock",
			);
			name = "[CP] Check Pods Manifest.lock";
			outputFileListPaths = (
			);
			outputPaths = (
				"$(DERIVED_FILE_DIR)/Pods-movies-checkManifestLockResult.txt",
			);
			runOnlyForDeploymentPostprocessing = 0;
			shellPath = /bin/sh;
			shellScript = "diff \"${PODS_PODFILE_DIR_PATH}/Podfile.lock\" \"${PODS_ROOT}/Manifest.lock\" > /dev/null\nif [ $? != 0 ] ; then\n    # print error to STDERR\n    echo \"error: The sandbox is not in sync with the Podfile.lock. Run 'pod install' or update your CocoaPods installation.\" >&2\n    exit 1\nfi\n# This output is used by Xcode 'outputs' to avoid re-running this script phase.\necho \"SUCCESS\" > \"${SCRIPT_OUTPUT_FILE_0}\"\n";
			showEnvVarsInLog = 0;
		};
		B981A4CACA6AB5607242CBC9 /* [CP] Embed Pods Frameworks */ = {
			isa = PBXShellScriptBuildPhase;
			buildActionMask = 2147483647;
			files = (
			);
			inputFileListPaths = (
				"${PODS_ROOT}/Target Support Files/Pods-movies/Pods-movies-frameworks-${CONFIGURATION}-input-files.xcfilelist",
			);
			name = "[CP] Embed Pods Frameworks";
			outputFileListPaths = (
				"${PODS_ROOT}/Target Support Files/Pods-movies/Pods-movies-frameworks-${CONFIGURATION}-output-files.xcfilelist",
			);
			runOnlyForDeploymentPostprocessing = 0;
			shellPath = /bin/sh;
			shellScript = "\"${PODS_ROOT}/Target Support Files/Pods-movies/Pods-movies-frameworks.sh\"\n";
			showEnvVarsInLog = 0;
		};
/* End PBXShellScriptBuildPhase section */

/* Begin PBXSourcesBuildPhase section */
		65D238C928F140F5004F35BE /* Sources */ = {
			isa = PBXSourcesBuildPhase;
			buildActionMask = 2147483647;
			files = (
				65EAC278290A858500548C34 /* PopularMoviesViewController.swift in Sources */,
				652995C229056AE100978F5A /* MovieGenreCollectionViewCell.swift in Sources */,
				6549046028F28AFA00CC7C9A /* CustomItemView.swift in Sources */,
				65EAC27C290A85B600548C34 /* PopularMoviesListState.swift in Sources */,
				65677BC828F18D3F001885BF /* MoviesListCollectionViewCell.swift in Sources */,
				6549047028F2DFA300CC7C9A /* Movie.swift in Sources */,
				6549047528F2EBE500CC7C9A /* RootViewModel.swift in Sources */,
				6549046228F28B2600CC7C9A /* CustomTabBar.swift in Sources */,
				65EAC27E290A85BF00548C34 /* TopRatedMoviesListState.swift in Sources */,
				65EAC280290ABC0C00548C34 /* SearchedMovieListState.swift in Sources */,
				6564D16828FA935400ADC6E1 /* Genre.swift in Sources */,
				65D238D128F140F5004F35BE /* AppDelegate.swift in Sources */,
				6549046D28F2920B00CC7C9A /* CustomSegmentedControll.swift in Sources */,
				6549046628F28B6500CC7C9A /* CustomTabItem.swift in Sources */,
				6549047328F2E00A00CC7C9A /* MovieViewModel.swift in Sources */,
				655F7E7528F9A55C00A2FE79 /* MovieDetailViewController.swift in Sources */,
				6549046428F28B4A00CC7C9A /* CustomTabBarController.swift in Sources */,
				65D238D328F140F5004F35BE /* SceneDelegate.swift in Sources */,
				6549046828F28B9800CC7C9A /* Extensions.swift in Sources */,
				65E54DAB28FEAE0B00BEB988 /* LikedMovieState.swift in Sources */,
				65EAC27A290A859400548C34 /* TopRatedMoviesViewController.swift in Sources */,
				65677BBF28F17D90001885BF /* Styles.swift in Sources */,
				6564D16A28FA946800ADC6E1 /* GenreListState.swift in Sources */,
				65677BBD28F17D65001885BF /* FavoritesViewController.swift in Sources */,
				65677BBB28F17D5C001885BF /* HomeViewController.swift in Sources */,
			);
			runOnlyForDeploymentPostprocessing = 0;
		};
/* End PBXSourcesBuildPhase section */

/* Begin XCBuildConfiguration section */
		65D238DF28F140F7004F35BE /* Debug */ = {
			isa = XCBuildConfiguration;
			buildSettings = {
				ALWAYS_SEARCH_USER_PATHS = NO;
				CLANG_ANALYZER_NONNULL = YES;
				CLANG_ANALYZER_NUMBER_OBJECT_CONVERSION = YES_AGGRESSIVE;
				CLANG_CXX_LANGUAGE_STANDARD = "gnu++17";
				CLANG_ENABLE_MODULES = YES;
				CLANG_ENABLE_OBJC_ARC = YES;
				CLANG_ENABLE_OBJC_WEAK = YES;
				CLANG_WARN_BLOCK_CAPTURE_AUTORELEASING = YES;
				CLANG_WARN_BOOL_CONVERSION = YES;
				CLANG_WARN_COMMA = YES;
				CLANG_WARN_CONSTANT_CONVERSION = YES;
				CLANG_WARN_DEPRECATED_OBJC_IMPLEMENTATIONS = YES;
				CLANG_WARN_DIRECT_OBJC_ISA_USAGE = YES_ERROR;
				CLANG_WARN_DOCUMENTATION_COMMENTS = YES;
				CLANG_WARN_EMPTY_BODY = YES;
				CLANG_WARN_ENUM_CONVERSION = YES;
				CLANG_WARN_INFINITE_RECURSION = YES;
				CLANG_WARN_INT_CONVERSION = YES;
				CLANG_WARN_NON_LITERAL_NULL_CONVERSION = YES;
				CLANG_WARN_OBJC_IMPLICIT_RETAIN_SELF = YES;
				CLANG_WARN_OBJC_LITERAL_CONVERSION = YES;
				CLANG_WARN_OBJC_ROOT_CLASS = YES_ERROR;
				CLANG_WARN_QUOTED_INCLUDE_IN_FRAMEWORK_HEADER = YES;
				CLANG_WARN_RANGE_LOOP_ANALYSIS = YES;
				CLANG_WARN_STRICT_PROTOTYPES = YES;
				CLANG_WARN_SUSPICIOUS_MOVE = YES;
				CLANG_WARN_UNGUARDED_AVAILABILITY = YES_AGGRESSIVE;
				CLANG_WARN_UNREACHABLE_CODE = YES;
				CLANG_WARN__DUPLICATE_METHOD_MATCH = YES;
				COPY_PHASE_STRIP = NO;
				DEBUG_INFORMATION_FORMAT = dwarf;
				ENABLE_STRICT_OBJC_MSGSEND = YES;
				ENABLE_TESTABILITY = YES;
				GCC_C_LANGUAGE_STANDARD = gnu11;
				GCC_DYNAMIC_NO_PIC = NO;
				GCC_NO_COMMON_BLOCKS = YES;
				GCC_OPTIMIZATION_LEVEL = 0;
				GCC_PREPROCESSOR_DEFINITIONS = (
					"DEBUG=1",
					"$(inherited)",
				);
				GCC_WARN_64_TO_32_BIT_CONVERSION = YES;
				GCC_WARN_ABOUT_RETURN_TYPE = YES_ERROR;
				GCC_WARN_UNDECLARED_SELECTOR = YES;
				GCC_WARN_UNINITIALIZED_AUTOS = YES_AGGRESSIVE;
				GCC_WARN_UNUSED_FUNCTION = YES;
				GCC_WARN_UNUSED_VARIABLE = YES;
				IPHONEOS_DEPLOYMENT_TARGET = 15.4;
				MTL_ENABLE_DEBUG_INFO = INCLUDE_SOURCE;
				MTL_FAST_MATH = YES;
				ONLY_ACTIVE_ARCH = YES;
				SDKROOT = iphoneos;
				SWIFT_ACTIVE_COMPILATION_CONDITIONS = DEBUG;
				SWIFT_OPTIMIZATION_LEVEL = "-Onone";
			};
			name = Debug;
		};
		65D238E028F140F7004F35BE /* Release */ = {
			isa = XCBuildConfiguration;
			buildSettings = {
				ALWAYS_SEARCH_USER_PATHS = NO;
				CLANG_ANALYZER_NONNULL = YES;
				CLANG_ANALYZER_NUMBER_OBJECT_CONVERSION = YES_AGGRESSIVE;
				CLANG_CXX_LANGUAGE_STANDARD = "gnu++17";
				CLANG_ENABLE_MODULES = YES;
				CLANG_ENABLE_OBJC_ARC = YES;
				CLANG_ENABLE_OBJC_WEAK = YES;
				CLANG_WARN_BLOCK_CAPTURE_AUTORELEASING = YES;
				CLANG_WARN_BOOL_CONVERSION = YES;
				CLANG_WARN_COMMA = YES;
				CLANG_WARN_CONSTANT_CONVERSION = YES;
				CLANG_WARN_DEPRECATED_OBJC_IMPLEMENTATIONS = YES;
				CLANG_WARN_DIRECT_OBJC_ISA_USAGE = YES_ERROR;
				CLANG_WARN_DOCUMENTATION_COMMENTS = YES;
				CLANG_WARN_EMPTY_BODY = YES;
				CLANG_WARN_ENUM_CONVERSION = YES;
				CLANG_WARN_INFINITE_RECURSION = YES;
				CLANG_WARN_INT_CONVERSION = YES;
				CLANG_WARN_NON_LITERAL_NULL_CONVERSION = YES;
				CLANG_WARN_OBJC_IMPLICIT_RETAIN_SELF = YES;
				CLANG_WARN_OBJC_LITERAL_CONVERSION = YES;
				CLANG_WARN_OBJC_ROOT_CLASS = YES_ERROR;
				CLANG_WARN_QUOTED_INCLUDE_IN_FRAMEWORK_HEADER = YES;
				CLANG_WARN_RANGE_LOOP_ANALYSIS = YES;
				CLANG_WARN_STRICT_PROTOTYPES = YES;
				CLANG_WARN_SUSPICIOUS_MOVE = YES;
				CLANG_WARN_UNGUARDED_AVAILABILITY = YES_AGGRESSIVE;
				CLANG_WARN_UNREACHABLE_CODE = YES;
				CLANG_WARN__DUPLICATE_METHOD_MATCH = YES;
				COPY_PHASE_STRIP = NO;
				DEBUG_INFORMATION_FORMAT = "dwarf-with-dsym";
				ENABLE_NS_ASSERTIONS = NO;
				ENABLE_STRICT_OBJC_MSGSEND = YES;
				GCC_C_LANGUAGE_STANDARD = gnu11;
				GCC_NO_COMMON_BLOCKS = YES;
				GCC_WARN_64_TO_32_BIT_CONVERSION = YES;
				GCC_WARN_ABOUT_RETURN_TYPE = YES_ERROR;
				GCC_WARN_UNDECLARED_SELECTOR = YES;
				GCC_WARN_UNINITIALIZED_AUTOS = YES_AGGRESSIVE;
				GCC_WARN_UNUSED_FUNCTION = YES;
				GCC_WARN_UNUSED_VARIABLE = YES;
				IPHONEOS_DEPLOYMENT_TARGET = 15.4;
				MTL_ENABLE_DEBUG_INFO = NO;
				MTL_FAST_MATH = YES;
				SDKROOT = iphoneos;
				SWIFT_COMPILATION_MODE = wholemodule;
				SWIFT_OPTIMIZATION_LEVEL = "-O";
				VALIDATE_PRODUCT = YES;
			};
			name = Release;
		};
		65D238E228F140F7004F35BE /* Debug */ = {
			isa = XCBuildConfiguration;
			baseConfigurationReference = 3ABA9BA2BB0DE2C52A30DDB9 /* Pods-movies.debug.xcconfig */;
			buildSettings = {
				ASSETCATALOG_COMPILER_APPICON_NAME = AppIcon;
				ASSETCATALOG_COMPILER_GLOBAL_ACCENT_COLOR_NAME = AccentColor;
				CODE_SIGN_STYLE = Automatic;
				CURRENT_PROJECT_VERSION = 1;
				DEVELOPMENT_TEAM = 2CV8U244AV;
				GENERATE_INFOPLIST_FILE = YES;
				INFOPLIST_FILE = movies/Info.plist;
				INFOPLIST_KEY_UIApplicationSupportsIndirectInputEvents = YES;
				INFOPLIST_KEY_UILaunchStoryboardName = LaunchScreen;
				INFOPLIST_KEY_UISupportedInterfaceOrientations_iPad = "UIInterfaceOrientationPortrait UIInterfaceOrientationPortraitUpsideDown UIInterfaceOrientationLandscapeLeft UIInterfaceOrientationLandscapeRight";
				INFOPLIST_KEY_UISupportedInterfaceOrientations_iPhone = "UIInterfaceOrientationPortrait UIInterfaceOrientationLandscapeLeft UIInterfaceOrientationLandscapeRight";
				LD_RUNPATH_SEARCH_PATHS = (
					"$(inherited)",
					"@executable_path/Frameworks",
				);
				MARKETING_VERSION = 1.0;
				PRODUCT_BUNDLE_IDENTIFIER = "waffle-rookies.movies";
				PRODUCT_NAME = "$(TARGET_NAME)";
				SWIFT_EMIT_LOC_STRINGS = YES;
				SWIFT_VERSION = 5.0;
				TARGETED_DEVICE_FAMILY = "1,2";
			};
			name = Debug;
		};
		65D238E328F140F7004F35BE /* Release */ = {
			isa = XCBuildConfiguration;
			baseConfigurationReference = 696428791734D04706267705 /* Pods-movies.release.xcconfig */;
			buildSettings = {
				ASSETCATALOG_COMPILER_APPICON_NAME = AppIcon;
				ASSETCATALOG_COMPILER_GLOBAL_ACCENT_COLOR_NAME = AccentColor;
				CODE_SIGN_STYLE = Automatic;
				CURRENT_PROJECT_VERSION = 1;
				DEVELOPMENT_TEAM = 2CV8U244AV;
				GENERATE_INFOPLIST_FILE = YES;
				INFOPLIST_FILE = movies/Info.plist;
				INFOPLIST_KEY_UIApplicationSupportsIndirectInputEvents = YES;
				INFOPLIST_KEY_UILaunchStoryboardName = LaunchScreen;
				INFOPLIST_KEY_UISupportedInterfaceOrientations_iPad = "UIInterfaceOrientationPortrait UIInterfaceOrientationPortraitUpsideDown UIInterfaceOrientationLandscapeLeft UIInterfaceOrientationLandscapeRight";
				INFOPLIST_KEY_UISupportedInterfaceOrientations_iPhone = "UIInterfaceOrientationPortrait UIInterfaceOrientationLandscapeLeft UIInterfaceOrientationLandscapeRight";
				LD_RUNPATH_SEARCH_PATHS = (
					"$(inherited)",
					"@executable_path/Frameworks",
				);
				MARKETING_VERSION = 1.0;
				PRODUCT_BUNDLE_IDENTIFIER = "waffle-rookies.movies";
				PRODUCT_NAME = "$(TARGET_NAME)";
				SWIFT_EMIT_LOC_STRINGS = YES;
				SWIFT_VERSION = 5.0;
				TARGETED_DEVICE_FAMILY = "1,2";
			};
			name = Release;
		};
/* End XCBuildConfiguration section */

/* Begin XCConfigurationList section */
		65D238C828F140F5004F35BE /* Build configuration list for PBXProject "movies" */ = {
			isa = XCConfigurationList;
			buildConfigurations = (
				65D238DF28F140F7004F35BE /* Debug */,
				65D238E028F140F7004F35BE /* Release */,
			);
			defaultConfigurationIsVisible = 0;
			defaultConfigurationName = Release;
		};
		65D238E128F140F7004F35BE /* Build configuration list for PBXNativeTarget "movies" */ = {
			isa = XCConfigurationList;
			buildConfigurations = (
				65D238E228F140F7004F35BE /* Debug */,
				65D238E328F140F7004F35BE /* Release */,
			);
			defaultConfigurationIsVisible = 0;
			defaultConfigurationName = Release;
		};
/* End XCConfigurationList section */

/* Begin XCRemoteSwiftPackageReference section */
		6549045028F2876C00CC7C9A /* XCRemoteSwiftPackageReference "RxSwift" */ = {
			isa = XCRemoteSwiftPackageReference;
			repositoryURL = "https://github.com/ReactiveX/RxSwift";
			requirement = {
				kind = upToNextMajorVersion;
				minimumVersion = 6.0.0;
			};
		};
		6549045728F2878100CC7C9A /* XCRemoteSwiftPackageReference "SnapKit" */ = {
			isa = XCRemoteSwiftPackageReference;
			repositoryURL = "https://github.com/SnapKit/SnapKit.git";
			requirement = {
				branch = develop;
				kind = branch;
			};
		};
		6549045A28F287FB00CC7C9A /* XCRemoteSwiftPackageReference "RxGesture" */ = {
			isa = XCRemoteSwiftPackageReference;
			repositoryURL = "https://github.com/RxSwiftCommunity/RxGesture";
			requirement = {
				kind = upToNextMajorVersion;
				minimumVersion = 4.0.0;
			};
		};
/* End XCRemoteSwiftPackageReference section */

/* Begin XCSwiftPackageProductDependency section */
		6549045128F2876C00CC7C9A /* RxBlocking */ = {
			isa = XCSwiftPackageProductDependency;
			package = 6549045028F2876C00CC7C9A /* XCRemoteSwiftPackageReference "RxSwift" */;
			productName = RxBlocking;
		};
		6549045328F2876C00CC7C9A /* RxCocoa */ = {
			isa = XCSwiftPackageProductDependency;
			package = 6549045028F2876C00CC7C9A /* XCRemoteSwiftPackageReference "RxSwift" */;
			productName = RxCocoa;
		};
		6549045528F2876C00CC7C9A /* RxRelay */ = {
			isa = XCSwiftPackageProductDependency;
			package = 6549045028F2876C00CC7C9A /* XCRemoteSwiftPackageReference "RxSwift" */;
			productName = RxRelay;
		};
		6549045828F2878100CC7C9A /* SnapKit */ = {
			isa = XCSwiftPackageProductDependency;
			package = 6549045728F2878100CC7C9A /* XCRemoteSwiftPackageReference "SnapKit" */;
			productName = SnapKit;
		};
		6549045B28F287FB00CC7C9A /* RxGesture */ = {
			isa = XCSwiftPackageProductDependency;
			package = 6549045A28F287FB00CC7C9A /* XCRemoteSwiftPackageReference "RxGesture" */;
			productName = RxGesture;
		};
/* End XCSwiftPackageProductDependency section */
	};
	rootObject = 65D238C528F140F5004F35BE /* Project object */;
}
